{
  "lockfileVersion": 1,
  "workspaces": {
    "": {
      "devDependencies": {
        "@minecraft/server": "2.3.0",
        "typescript": "^5.9.3",
      },
    },
  },
  "packages": {
    "@minecraft/common": ["@minecraft/common@1.2.0", "", {}, "sha512-JdmEq4P3Z/FtoBzhLijFgMSVFnFRrUoLwY8DHHrgtFo0mfLTOLTB1RErYjLMsA6b7BGVNxkX/pfFRiH7QZ0XwQ=="],

    "@minecraft/server": ["@minecraft/server@2.3.0", "", { "peerDependencies": { "@minecraft/common": "^1.2.0", "@minecraft/vanilla-data": ">=1.20.70" } }, "sha512-2SXAjZPb67TRjVGVhSXST8ha9p9zrRw0LiCY6+Ul4RN62+j3BbeCMtvOlVLvZV/KjGJyw3fFxIw7SsTzi2szYw=="],

    "@minecraft/vanilla-data": ["@minecraft/vanilla-data@1.21.120", "", {}, "sha512-Ku2oGRngFsJ/w34Fkx3T5BP5LnMGapKtrxO0ftVQFab8ipc9Yli+65B4MzorqH4zmcmoxyT1RE/1CA9JLfYEpw=="],

    "typescript": ["typescript@5.9.3", "", { "bin": { "tsc": "bin/tsc", "tsserver": "bin/tsserver" } }, "sha512-jl1vZzPDinLr9eUt3J/t7V6FgNEw9QjvBPdysz9KfQDD41fQrC2Y4vKQdiaUpFT4bXlb1RHhLpp8wtm6M5TgSw=="],
  }
}
